// !$*UTF8*$!
{
	archiveVersion = 1;
	classes = {
	};
	objectVersion = 46;
	objects = {

/* Begin PBXAggregateTarget section */
		41998A421CB669A300D18DD8 /* Libraries */ = {
			isa = PBXAggregateTarget;
			buildConfigurationList = 41998A431CB669A300D18DD8 /* Build configuration list for PBXAggregateTarget "Libraries" */;
			buildPhases = (
			);
			dependencies = (
				41998A471CB669B100D18DD8 /* PBXTargetDependency */,
			);
			name = Libraries;
			productName = Libraries;
		};
/* End PBXAggregateTarget section */

/* Begin PBXBuildFile section */
		41998A2F1CB668C400D18DD8 /* mulle_align.h in Headers */ = {isa = PBXBuildFile; fileRef = 41998A2D1CB668C400D18DD8 /* mulle_align.h */; settings = {ATTRIBUTES = (Public, ); }; };
		41998A301CB668C400D18DD8 /* mulle_vararg.h in Headers */ = {isa = PBXBuildFile; fileRef = 41998A2E1CB668C400D18DD8 /* mulle_vararg.h */; settings = {ATTRIBUTES = (Public, ); }; };
		41998A4A1CB66AF200D18DD8 /* mulle_vararg.c in Sources */ = {isa = PBXBuildFile; fileRef = 41998A491CB66AF200D18DD8 /* mulle_vararg.c */; };
/* End PBXBuildFile section */

/* Begin PBXContainerItemProxy section */
		41998A461CB669B100D18DD8 /* PBXContainerItemProxy */ = {
			isa = PBXContainerItemProxy;
			containerPortal = 41998A1D1CB668A200D18DD8 /* Project object */;
			proxyType = 1;
			remoteGlobalIDString = 41998A241CB668A200D18DD8;
			remoteInfo = "mulle-vararg";
		};
/* End PBXContainerItemProxy section */

/* Begin PBXFileReference section */
		41998A251CB668A200D18DD8 /* libmulle_vararg.a */ = {isa = PBXFileReference; explicitFileType = archive.ar; includeInIndex = 0; path = libmulle_vararg.a; sourceTree = BUILT_PRODUCTS_DIR; };
		41998A2D1CB668C400D18DD8 /* mulle_align.h */ = {isa = PBXFileReference; fileEncoding = 4; lastKnownFileType = sourcecode.c.h; path = mulle_align.h; sourceTree = "<group>"; };
		41998A2E1CB668C400D18DD8 /* mulle_vararg.h */ = {isa = PBXFileReference; fileEncoding = 4; lastKnownFileType = sourcecode.c.h; path = mulle_vararg.h; sourceTree = "<group>"; };
		41998A321CB6693400D18DD8 /* Common.xcconfig */ = {isa = PBXFileReference; lastKnownFileType = text.xcconfig; path = Common.xcconfig; sourceTree = "<group>"; };
		41998A331CB6693400D18DD8 /* Debug.xcconfig */ = {isa = PBXFileReference; lastKnownFileType = text.xcconfig; path = Debug.xcconfig; sourceTree = "<group>"; };
		41998A341CB6693400D18DD8 /* DynamicLibrary.xcconfig */ = {isa = PBXFileReference; lastKnownFileType = text.xcconfig; path = DynamicLibrary.xcconfig; sourceTree = "<group>"; };
		41998A351CB6693400D18DD8 /* DynamicLibraryOSX.xcconfig */ = {isa = PBXFileReference; lastKnownFileType = text.xcconfig; path = DynamicLibraryOSX.xcconfig; sourceTree = "<group>"; };
		41998A361CB6693400D18DD8 /* IOS.xcconfig */ = {isa = PBXFileReference; lastKnownFileType = text.xcconfig; path = IOS.xcconfig; sourceTree = "<group>"; };
		41998A371CB6693400D18DD8 /* Library.xcconfig */ = {isa = PBXFileReference; lastKnownFileType = text.xcconfig; path = Library.xcconfig; sourceTree = "<group>"; };
		41998A381CB6693400D18DD8 /* OSX.xcconfig */ = {isa = PBXFileReference; lastKnownFileType = text.xcconfig; path = OSX.xcconfig; sourceTree = "<group>"; };
		41998A391CB6693400D18DD8 /* README.md */ = {isa = PBXFileReference; lastKnownFileType = net.daringfireball.markdown; path = README.md; sourceTree = "<group>"; };
		41998A3A1CB6693400D18DD8 /* Release.xcconfig */ = {isa = PBXFileReference; lastKnownFileType = text.xcconfig; path = Release.xcconfig; sourceTree = "<group>"; };
		41998A3B1CB6693400D18DD8 /* StaticLibrary.xcconfig */ = {isa = PBXFileReference; lastKnownFileType = text.xcconfig; path = StaticLibrary.xcconfig; sourceTree = "<group>"; };
		41998A3C1CB6693400D18DD8 /* StaticLibraryIOS.xcconfig */ = {isa = PBXFileReference; lastKnownFileType = text.xcconfig; path = StaticLibraryIOS.xcconfig; sourceTree = "<group>"; };
		41998A3D1CB6693400D18DD8 /* StaticLibraryOSX.xcconfig */ = {isa = PBXFileReference; lastKnownFileType = text.xcconfig; path = StaticLibraryOSX.xcconfig; sourceTree = "<group>"; };
		41998A3E1CB6693400D18DD8 /* ToolOSX.xcconfig */ = {isa = PBXFileReference; lastKnownFileType = text.xcconfig; path = ToolOSX.xcconfig; sourceTree = "<group>"; };
		41998A3F1CB6693400D18DD8 /* _Common.xcconfig */ = {isa = PBXFileReference; lastKnownFileType = text.xcconfig; path = _Common.xcconfig; sourceTree = "<group>"; };
		41998A401CB6693400D18DD8 /* generate-dot.sh */ = {isa = PBXFileReference; lastKnownFileType = text.script.sh; path = "generate-dot.sh"; sourceTree = "<group>"; };
		41998A411CB6693400D18DD8 /* update-all-configurations.sh */ = {isa = PBXFileReference; lastKnownFileType = text.script.sh; path = "update-all-configurations.sh"; sourceTree = "<group>"; };
		41998A491CB66AF200D18DD8 /* mulle_vararg.c */ = {isa = PBXFileReference; fileEncoding = 4; lastKnownFileType = sourcecode.c.c; path = mulle_vararg.c; sourceTree = "<group>"; };
		41D2265C1CD65CB800C06D8C /* RELEASENOTES.md */ = {isa = PBXFileReference; lastKnownFileType = net.daringfireball.markdown; path = RELEASENOTES.md; sourceTree = "<group>"; };
/* End PBXFileReference section */

/* Begin PBXFrameworksBuildPhase section */
		41998A221CB668A200D18DD8 /* Frameworks */ = {
			isa = PBXFrameworksBuildPhase;
			buildActionMask = 2147483647;
			files = (
			);
			runOnlyForDeploymentPostprocessing = 0;
		};
/* End PBXFrameworksBuildPhase section */

/* Begin PBXGroup section */
		41998A1C1CB668A200D18DD8 = {
			isa = PBXGroup;
			children = (
				41D2265C1CD65CB800C06D8C /* RELEASENOTES.md */,
				41998A311CB6693400D18DD8 /* mulle-configuration */,
				41998A2C1CB668AD00D18DD8 /* src */,
				41998A261CB668A200D18DD8 /* Products */,
			);
			sourceTree = "<group>";
		};
		41998A261CB668A200D18DD8 /* Products */ = {
			isa = PBXGroup;
			children = (
				41998A251CB668A200D18DD8 /* libmulle_vararg.a */,
			);
			name = Products;
			sourceTree = "<group>";
		};
		41998A2C1CB668AD00D18DD8 /* src */ = {
			isa = PBXGroup;
			children = (
				41998A2D1CB668C400D18DD8 /* mulle_align.h */,
				41998A2E1CB668C400D18DD8 /* mulle_vararg.h */,
				41998A491CB66AF200D18DD8 /* mulle_vararg.c */,
			);
			path = src;
			sourceTree = "<group>";
		};
		41998A311CB6693400D18DD8 /* mulle-configuration */ = {
			isa = PBXGroup;
			children = (
				41998A321CB6693400D18DD8 /* Common.xcconfig */,
				41998A331CB6693400D18DD8 /* Debug.xcconfig */,
				41998A341CB6693400D18DD8 /* DynamicLibrary.xcconfig */,
				41998A351CB6693400D18DD8 /* DynamicLibraryOSX.xcconfig */,
				41998A361CB6693400D18DD8 /* IOS.xcconfig */,
				41998A371CB6693400D18DD8 /* Library.xcconfig */,
				41998A381CB6693400D18DD8 /* OSX.xcconfig */,
				41998A391CB6693400D18DD8 /* README.md */,
				41998A3A1CB6693400D18DD8 /* Release.xcconfig */,
				41998A3B1CB6693400D18DD8 /* StaticLibrary.xcconfig */,
				41998A3C1CB6693400D18DD8 /* StaticLibraryIOS.xcconfig */,
				41998A3D1CB6693400D18DD8 /* StaticLibraryOSX.xcconfig */,
				41998A3E1CB6693400D18DD8 /* ToolOSX.xcconfig */,
				41998A3F1CB6693400D18DD8 /* _Common.xcconfig */,
				41998A401CB6693400D18DD8 /* generate-dot.sh */,
				41998A411CB6693400D18DD8 /* update-all-configurations.sh */,
			);
			path = "mulle-configuration";
			sourceTree = "<group>";
		};
/* End PBXGroup section */

/* Begin PBXHeadersBuildPhase section */
		41998A231CB668A200D18DD8 /* Headers */ = {
			isa = PBXHeadersBuildPhase;
			buildActionMask = 2147483647;
			files = (
				41998A2F1CB668C400D18DD8 /* mulle_align.h in Headers */,
				41998A301CB668C400D18DD8 /* mulle_vararg.h in Headers */,
			);
			runOnlyForDeploymentPostprocessing = 0;
		};
/* End PBXHeadersBuildPhase section */

/* Begin PBXNativeTarget section */
		41998A241CB668A200D18DD8 /* mulle_vararg */ = {
			isa = PBXNativeTarget;
			buildConfigurationList = 41998A291CB668A200D18DD8 /* Build configuration list for PBXNativeTarget "mulle_vararg" */;
			buildPhases = (
				41998A211CB668A200D18DD8 /* Sources */,
				41998A221CB668A200D18DD8 /* Frameworks */,
				41998A231CB668A200D18DD8 /* Headers */,
			);
			buildRules = (
			);
			dependencies = (
			);
			name = mulle_vararg;
			productName = "mulle-vararg";
			productReference = 41998A251CB668A200D18DD8 /* libmulle_vararg.a */;
			productType = "com.apple.product-type.library.static";
		};
/* End PBXNativeTarget section */

/* Begin PBXProject section */
		41998A1D1CB668A200D18DD8 /* Project object */ = {
			isa = PBXProject;
			attributes = {
				LastUpgradeCheck = 0720;
				ORGANIZATIONNAME = "Mulle kybernetiK";
				TargetAttributes = {
					41998A241CB668A200D18DD8 = {
						CreatedOnToolsVersion = 7.2.1;
					};
					41998A421CB669A300D18DD8 = {
						CreatedOnToolsVersion = 7.2.1;
					};
				};
			};
			buildConfigurationList = 41998A201CB668A200D18DD8 /* Build configuration list for PBXProject "mulle-vararg" */;
			compatibilityVersion = "Xcode 3.2";
			developmentRegion = English;
			hasScannedForEncodings = 0;
			knownRegions = (
				en,
			);
			mainGroup = 41998A1C1CB668A200D18DD8;
			productRefGroup = 41998A261CB668A200D18DD8 /* Products */;
			projectDirPath = "";
			projectRoot = "";
			targets = (
				41998A421CB669A300D18DD8 /* Libraries */,
				41998A241CB668A200D18DD8 /* mulle_vararg */,
			);
		};
/* End PBXProject section */

/* Begin PBXSourcesBuildPhase section */
		41998A211CB668A200D18DD8 /* Sources */ = {
			isa = PBXSourcesBuildPhase;
			buildActionMask = 2147483647;
			files = (
				41998A4A1CB66AF200D18DD8 /* mulle_vararg.c in Sources */,
			);
			runOnlyForDeploymentPostprocessing = 0;
		};
/* End PBXSourcesBuildPhase section */

/* Begin PBXTargetDependency section */
		41998A471CB669B100D18DD8 /* PBXTargetDependency */ = {
			isa = PBXTargetDependency;
			target = 41998A241CB668A200D18DD8 /* mulle_vararg */;
			targetProxy = 41998A461CB669B100D18DD8 /* PBXContainerItemProxy */;
		};
/* End PBXTargetDependency section */

/* Begin XCBuildConfiguration section */
		41998A271CB668A200D18DD8 /* Debug */ = {
			isa = XCBuildConfiguration;
			baseConfigurationReference = 41998A331CB6693400D18DD8 /* Debug.xcconfig */;
			buildSettings = {
				CURRENT_PROJECT_VERSION = 0.1;
			};
			name = Debug;
		};
		41998A281CB668A200D18DD8 /* Release */ = {
			isa = XCBuildConfiguration;
			baseConfigurationReference = 41998A3A1CB6693400D18DD8 /* Release.xcconfig */;
			buildSettings = {
				CURRENT_PROJECT_VERSION = 0.1;
			};
			name = Release;
		};
		41998A2A1CB668A200D18DD8 /* Debug */ = {
			isa = XCBuildConfiguration;
			baseConfigurationReference = 41998A3D1CB6693400D18DD8 /* StaticLibraryOSX.xcconfig */;
			buildSettings = {
			};
			name = Debug;
		};
		41998A2B1CB668A200D18DD8 /* Release */ = {
			isa = XCBuildConfiguration;
			baseConfigurationReference = 41998A3D1CB6693400D18DD8 /* StaticLibraryOSX.xcconfig */;
			buildSettings = {
			};
			name = Release;
		};
		41998A441CB669A300D18DD8 /* Debug */ = {
			isa = XCBuildConfiguration;
			buildSettings = {
			};
			name = Debug;
		};
		41998A451CB669A300D18DD8 /* Release */ = {
			isa = XCBuildConfiguration;
			buildSettings = {
			};
			name = Release;
		};
/* End XCBuildConfiguration section */

/* Begin XCConfigurationList section */
		41998A201CB668A200D18DD8 /* Build configuration list for PBXProject "mulle-vararg" */ = {
			isa = XCConfigurationList;
			buildConfigurations = (
				41998A271CB668A200D18DD8 /* Debug */,
				41998A281CB668A200D18DD8 /* Release */,
			);
			defaultConfigurationIsVisible = 0;
			defaultConfigurationName = Release;
		};
		41998A291CB668A200D18DD8 /* Build configuration list for PBXNativeTarget "mulle_vararg" */ = {
			isa = XCConfigurationList;
			buildConfigurations = (
				41998A2A1CB668A200D18DD8 /* Debug */,
				41998A2B1CB668A200D18DD8 /* Release */,
			);
			defaultConfigurationIsVisible = 0;
			defaultConfigurationName = Release;
		};
		41998A431CB669A300D18DD8 /* Build configuration list for PBXAggregateTarget "Libraries" */ = {
			isa = XCConfigurationList;
			buildConfigurations = (
				41998A441CB669A300D18DD8 /* Debug */,
				41998A451CB669A300D18DD8 /* Release */,
			);
			defaultConfigurationIsVisible = 0;
			defaultConfigurationName = Release;
		};
/* End XCConfigurationList section */
	};
	rootObject = 41998A1D1CB668A200D18DD8 /* Project object */;
}
